PODS:
  - Alamofire (4.7.2)
  - CGFloatLiteral (0.4.0)
  - CHDwifft (0.7.2)
  - CHNavBar (1.1.8)
  - CHPhotoBrowser (2.1.8):
    - DACircularProgress (~> 2.3)
    - MBProgressHUD (~> 0.9)
    - SDWebImage (~> 4.0)
    - SDWebImage/GIF
  - CHSlackTextViewController (1.10.23)
  - CRToast (0.0.9)
  - DACircularProgress (2.3.1)
  - DKImagePickerController (3.8.1):
    - DKImagePickerController/Camera (= 3.8.1)
    - DKImagePickerController/ImageManager (= 3.8.1)
  - DKImagePickerController/Camera (3.8.1)
  - DKImagePickerController/ImageManager (3.8.1)
  - FLAnimatedImage (1.0.12)
  - M13ProgressSuite (1.2.9)
  - ManualLayout (1.3.0)
  - MBProgressHUD (0.9.2)
  - MGSwipeTableCell (1.6.6)
  - Nimble (7.1.1)
  - NVActivityIndicatorView (4.2.0):
    - NVActivityIndicatorView/Presenter (= 4.2.0)
  - NVActivityIndicatorView/Presenter (4.2.0)
  - ObjectMapper (3.1.0)
  - PhoneNumberKit (2.1.0):
    - PhoneNumberKit/PhoneNumberKitCore (= 2.1.0)
    - PhoneNumberKit/UIKit (= 2.1.0)
  - PhoneNumberKit/PhoneNumberKitCore (2.1.0)
  - PhoneNumberKit/UIKit (2.1.0):
    - PhoneNumberKit/PhoneNumberKitCore
  - Quick (1.3.0)
  - ReSwift (4.0.1)
  - Reusable (4.0.2):
    - Reusable/Storyboard (= 4.0.2)
    - Reusable/View (= 4.0.2)
  - Reusable/Storyboard (4.0.2)
  - Reusable/View (4.0.2)
  - RxCocoa (4.1.2):
    - RxSwift (~> 4.0)
  - RxSwift (4.1.2)
  - SDWebImage (4.3.3):
    - SDWebImage/Core (= 4.3.3)
  - SDWebImage/Core (4.3.3)
  - SDWebImage/GIF (4.3.3):
    - FLAnimatedImage (~> 1.0)
    - SDWebImage/Core
  - SnapKit (4.0.0)
  - Socket.IO-Client-Swift (12.0.0):
    - StarscreamSocketIO (~> 8.0.7)
  - StarscreamSocketIO (8.0.7)
  - SVProgressHUD (2.2.5)
  - SwiftDate (4.5.1)
  - SwiftyJSON (4.1.0)
  - Then (2.3.0)
  - UIColor_Hex_Swift (4.0.1)
  - "UINavigationItem+Margin (2.1.1)"

DEPENDENCIES:
  - Alamofire (~> 4.0)
  - CGFloatLiteral
  - CHDwifft
  - CHNavBar
  - CHPhotoBrowser
  - CHSlackTextViewController
  - CRToast
  - DKImagePickerController
  - M13ProgressSuite
  - ManualLayout
  - MGSwipeTableCell
  - Nimble
  - NVActivityIndicatorView
  - ObjectMapper
  - PhoneNumberKit
  - Quick
  - ReSwift
  - Reusable
  - RxCocoa
  - RxSwift
  - SnapKit
  - Socket.IO-Client-Swift (~> 12.0.0)
  - StarscreamSocketIO (~> 8.0.3)
  - SVProgressHUD
  - SwiftDate
  - SwiftyJSON
  - Then
  - UIColor_Hex_Swift
  - "UINavigationItem+Margin"

SPEC REPOS:
  https://github.com/CocoaPods/Specs.git:
    - Alamofire
    - CGFloatLiteral
    - CHDwifft
    - CHNavBar
    - CHPhotoBrowser
    - CHSlackTextViewController
    - CRToast
    - DACircularProgress
    - DKImagePickerController
    - FLAnimatedImage
    - M13ProgressSuite
    - ManualLayout
    - MBProgressHUD
    - MGSwipeTableCell
    - Nimble
    - NVActivityIndicatorView
    - ObjectMapper
    - PhoneNumberKit
    - Quick
    - ReSwift
    - Reusable
    - RxCocoa
    - RxSwift
    - SDWebImage
    - SnapKit
    - Socket.IO-Client-Swift
    - StarscreamSocketIO
    - SVProgressHUD
    - SwiftDate
    - SwiftyJSON
    - Then
    - UIColor_Hex_Swift
    - "UINavigationItem+Margin"

SPEC CHECKSUMS:
  Alamofire: e4fa87002c137ba2d8d634d2c51fabcda0d5c223
  CGFloatLiteral: 2ab558b74124b584dd023a35b7e41795a61d8140
  CHDwifft: a4d6f7afff101fb4947410939123393960d28425
  CHNavBar: 2037fb5e838b3769f7d4a54888655f9e6c8db7ba
  CHPhotoBrowser: 888f111ce30bfb0d3acdc38d30196be5e60346a3
  CHSlackTextViewController: 87f824fc679732424cc2355c074a9722210f4597
  CRToast: 5a78c22b921c5ed3487488af605bc403a9c92fed
  DACircularProgress: 4dd437c0fc3da5161cb289e07ac449493d41db71
  DKImagePickerController: 51ad6ee2ba05414bb741db54a72cd7f4fb178e34
  FLAnimatedImage: 4a0b56255d9b05f18b6dd7ee06871be5d3b89e31
  M13ProgressSuite: ea9f7263e73e9215e6849dfa54e29ee0ad6a145c
  ManualLayout: 68ac8cfa6b5f656f7a9fadec3730208b95986880
  MBProgressHUD: 1569cf7ace17a8bac47aabfbb8580a49690386d1
  MGSwipeTableCell: c3bc6e261e7bc06c112909fe3fb8205de286082c
  Nimble: 391f07782af4b37914f9bd7b2ffbb952731b8202
  NVActivityIndicatorView: 75c9634073e03b31d7e2748cd2417feab1206195
  ObjectMapper: 20505058f54e5c3ca69e1d6de9897d152a5369a6
  PhoneNumberKit: 62003f40ff75315fd3738286558bc365365ac222
  Quick: 03278013f71aa05fe9ecabc94fbcc6835f1ee76f
  ReSwift: f4012c613e13da7398827fe5aebdb938eaed40a3
  Reusable: 584a5629747c52e0f6a77841b400dc2643f6fa0f
  RxCocoa: d88ba0f1f6abf040011a9eb4b539324fc426843a
  RxSwift: e49536837d9901277638493ea537394d4b55f570
  SDWebImage: de4d90b5bff3571eae7bd16202b1f43135409fa5
  SnapKit: a42d492c16e80209130a3379f73596c3454b7694
  Socket.IO-Client-Swift: 5b0154b42b3892bfb4c44fa138cbeb8afec4f6ef
  StarscreamSocketIO: 00b54e4208481ca5cef089545353aaf126bae16d
  SVProgressHUD: 1428aafac632c1f86f62aa4243ec12008d7a51d6
  SwiftDate: 7b56d42a221f582047287deb256b23fc5ed49a60
  SwiftyJSON: c29297daf073d2aa016295d5809cdd68045c39b3
  Then: ee21c97b85ff6062b9b0080c9abb1eea46743345
  UIColor_Hex_Swift: c5ff88470499383b8fd85302d59344bb24ba9436
  "UINavigationItem+Margin": 7368d506fb2f7daa0c0489846cc8c2384ab1ab6d

PODFILE CHECKSUM: 69e6c383d354325efe1bb9ad7c7470f93d1f7bc8

COCOAPODS: 1.5.0
